
Microsoft Visual Studio Solution File, Format Version 12.00
# Visual Studio Version 16
VisualStudioVersion = 16.0.30711.63
MinimumVisualStudioVersion = 10.0.40219.1
Project("{8BC9CEB8-8B4A-11D0-8D11-00A0C91BC942}") = "3.3(A)", "3.3(A)\3.3(A).vcxproj", "{B4485FAD-0CE6-42FB-990E-D49F78B97D6C}"
EndProject
Project("{8BC9CEB8-8B4A-11D0-8D11-00A0C91BC942}") = "UnitTest1", "UnitTest1\UnitTest1.vcxproj", "{B23B961C-172C-4983-8E1C-85945A7B79F2}"
EndProject
Global
	GlobalSection(SolutionConfigurationPlatforms) = preSolution
		Debug|x64 = Debug|x64
		Debug|x86 = Debug|x86
		Release|x64 = Release|x64
		Release|x86 = Release|x86
	EndGlobalSection
	GlobalSection(ProjectConfigurationPlatforms) = postSolution
		{B4485FAD-0CE6-42FB-990E-D49F78B97D6C}.Debug|x64.ActiveCfg = Debug|x64
		{B4485FAD-0CE6-42FB-990E-D49F78B97D6C}.Debug|x64.Build.0 = Debug|x64
		{B4485FAD-0CE6-42FB-990E-D49F78B97D6C}.Debug|x86.ActiveCfg = Debug|Win32
		{B4485FAD-0CE6-42FB-990E-D49F78B97D6C}.Debug|x86.Build.0 = Debug|Win32
		{B4485FAD-0CE6-42FB-990E-D49F78B97D6C}.Release|x64.ActiveCfg = Release|x64
		{B4485FAD-0CE6-42FB-990E-D49F78B97D6C}.Release|x64.Build.0 = Release|x64
		{B4485FAD-0CE6-42FB-990E-D49F78B97D6C}.Release|x86.ActiveCfg = Release|Win32
		{B4485FAD-0CE6-42FB-990E-D49F78B97D6C}.Release|x86.Build.0 = Release|Win32
		{B23B961C-172C-4983-8E1C-85945A7B79F2}.Debug|x64.ActiveCfg = Debug|x64
		{B23B961C-172C-4983-8E1C-85945A7B79F2}.Debug|x64.Build.0 = Debug|x64
		{B23B961C-172C-4983-8E1C-85945A7B79F2}.Debug|x86.ActiveCfg = Debug|Win32
		{B23B961C-172C-4983-8E1C-85945A7B79F2}.Debug|x86.Build.0 = Debug|Win32
		{B23B961C-172C-4983-8E1C-85945A7B79F2}.Release|x64.ActiveCfg = Release|x64
		{B23B961C-172C-4983-8E1C-85945A7B79F2}.Release|x64.Build.0 = Release|x64
		{B23B961C-172C-4983-8E1C-85945A7B79F2}.Release|x86.ActiveCfg = Release|Win32
		{B23B961C-172C-4983-8E1C-85945A7B79F2}.Release|x86.Build.0 = Release|Win32
	EndGlobalSection
	GlobalSection(SolutionProperties) = preSolution
		HideSolutionNode = FALSE
	EndGlobalSection
	GlobalSection(ExtensibilityGlobals) = postSolution
		SolutionGuid = {056DB2A7-16D5-4FC0-89E1-2D1B9CBACB4C}
	EndGlobalSection
EndGlobal
